
Microsoft Visual Studio Solution File, Format Version 12.00
Project("{FAE04EC0-301F-11D3-BF4B-00C04F79EFBC}") = "HelloWorldWebApp", "HelloWorldWebApp\HelloWorldWebApp.csproj", "{0EB28D80-CFD5-41F7-B73B-4A9311F4597B}"
EndProject
Global
	GlobalSection(SolutionConfigurationPlatforms) = preSolution
		Debug|Any CPU = Debug|Any CPU
		Release|Any CPU = Release|Any CPU
	EndGlobalSection
	GlobalSection(ProjectConfigurationPlatforms) = postSolution
		{0EB28D80-CFD5-41F7-B73B-4A9311F4597B}.Debug|Any CPU.ActiveCfg = Debug|Any CPU
		{0EB28D80-CFD5-41F7-B73B-4A9311F4597B}.Debug|Any CPU.Build.0 = Debug|Any CPU
		{0EB28D80-CFD5-41F7-B73B-4A9311F4597B}.Release|Any CPU.ActiveCfg = Release|Any CPU
		{0EB28D80-CFD5-41F7-B73B-4A9311F4597B}.Release|Any CPU.Build.0 = Release|Any CPU
	EndGlobalSection
EndGlobal
